
Microsoft Visual Studio Solution File, Format Version 12.00
# Visual Studio Version 17
VisualStudioVersion = 17.14.36414.22 d17.14
MinimumVisualStudioVersion = 10.0.40219.1
Project("{FAE04EC0-301F-11D3-BF4B-00C04F79EFBC}") = "lottery_application", "lottery_application\lottery_application.csproj", "{A4D88807-0C21-4B55-B4A4-CBA020B06707}"
EndProject
Global
	GlobalSection(SolutionConfigurationPlatforms) = preSolution
		Debug|Any CPU = Debug|Any CPU
		Release|Any CPU = Release|Any CPU
	EndGlobalSection
	GlobalSection(ProjectConfigurationPlatforms) = postSolution
		{A4D88807-0C21-4B55-B4A4-CBA020B06707}.Debug|Any CPU.ActiveCfg = Debug|Any CPU
		{A4D88807-0C21-4B55-B4A4-CBA020B06707}.Debug|Any CPU.Build.0 = Debug|Any CPU
		{A4D88807-0C21-4B55-B4A4-CBA020B06707}.Release|Any CPU.ActiveCfg = Release|Any CPU
		{A4D88807-0C21-4B55-B4A4-CBA020B06707}.Release|Any CPU.Build.0 = Release|Any CPU
	EndGlobalSection
	GlobalSection(SolutionProperties) = preSolution
		HideSolutionNode = FALSE
	EndGlobalSection
	GlobalSection(ExtensibilityGlobals) = postSolution
		SolutionGuid = {438868D1-1AA4-4EC7-8869-0AECEA62997C}
	EndGlobalSection
EndGlobal
